[ "cowboy": {:git, "git://github.com/extend/cowboy.git", "2e5eb16f3b827870beb45d2538a0cddc73251a51", []},
  "dynamo": {:git, "git://github.com/elixir-lang/dynamo.git", "82aa4c37c456541983e56bfc7d544b812a9b6077", [{:tag, "elixir-0.10.1"}]},
  "exjson": {:git, "https://github.com/guedes/exjson.git", "9b90d3a328c5ae7421b992386c5d9cadf44609ac", []},
  "mimetypes": {:git, "git://github.com/spawngrid/mimetypes.git", "47d37a977a7d633199822bf6b08353007483d00f", []},
  "ranch": {:git, "git://github.com/extend/ranch.git", "41705752ffc7e3ecb96eef8374015ead4ca7f699", [{:ref, "0.8.5"}]} ]
